
Microsoft Visual Studio Solution File, Format Version 12.00
# Visual Studio Version 17
VisualStudioVersion = 17.11.35431.28
MinimumVisualStudioVersion = 10.0.40219.1
Project("{888888A0-9F3D-457C-B088-3A5042F75D52}") = "Square", "IDK\Square.pyproj", "{44ED715A-79C8-431C-A41A-34AD1DF4AB18}"
EndProject
Global
	GlobalSection(SolutionConfigurationPlatforms) = preSolution
		Debug|Any CPU = Debug|Any CPU
		Release|Any CPU = Release|Any CPU
	EndGlobalSection
	GlobalSection(ProjectConfigurationPlatforms) = postSolution
		{44ED715A-79C8-431C-A41A-34AD1DF4AB18}.Debug|Any CPU.ActiveCfg = Debug|Any CPU
		{44ED715A-79C8-431C-A41A-34AD1DF4AB18}.Release|Any CPU.ActiveCfg = Release|Any CPU
	EndGlobalSection
	GlobalSection(SolutionProperties) = preSolution
		HideSolutionNode = FALSE
	EndGlobalSection
	GlobalSection(ExtensibilityGlobals) = postSolution
		SolutionGuid = {7C5F1015-048E-464A-9DD2-04A60AA1AC98}
	EndGlobalSection
EndGlobal
